
Microsoft Visual Studio Solution File, Format Version 12.00
# Visual Studio Version 17
VisualStudioVersion = 17.2.32526.322
MinimumVisualStudioVersion = 10.0.40219.1
Project("{FAE04EC0-301F-11D3-BF4B-00C04F79EFBC}") = "ExcitelProject", "ExcitelProject\ExcitelProject.csproj", "{332F5264-0251-4DB0-9A2D-9AA90A3982AB}"
EndProject
Global
	GlobalSection(SolutionConfigurationPlatforms) = preSolution
		Debug|Any CPU = Debug|Any CPU
		Release|Any CPU = Release|Any CPU
	EndGlobalSection
	GlobalSection(ProjectConfigurationPlatforms) = postSolution
		{332F5264-0251-4DB0-9A2D-9AA90A3982AB}.Debug|Any CPU.ActiveCfg = Debug|Any CPU
		{332F5264-0251-4DB0-9A2D-9AA90A3982AB}.Debug|Any CPU.Build.0 = Debug|Any CPU
		{332F5264-0251-4DB0-9A2D-9AA90A3982AB}.Release|Any CPU.ActiveCfg = Release|Any CPU
		{332F5264-0251-4DB0-9A2D-9AA90A3982AB}.Release|Any CPU.Build.0 = Release|Any CPU
	EndGlobalSection
	GlobalSection(SolutionProperties) = preSolution
		HideSolutionNode = FALSE
	EndGlobalSection
	GlobalSection(ExtensibilityGlobals) = postSolution
		SolutionGuid = {4FD16E9A-F5AB-438F-86EA-E88F22FE0A89}
	EndGlobalSection
EndGlobal
